
Microsoft Visual Studio Solution File, Format Version 12.00
# Visual Studio Version 17
VisualStudioVersion = 17.0.31612.314
MinimumVisualStudioVersion = 10.0.40219.1
Project("{FAE04EC0-301F-11D3-BF4B-00C04F79EFBC}") = "CellConquest.Domain", "CellConquest.Domain\CellConquest.Domain.csproj", "{90B435DD-6A93-44C9-8A83-1105DF1DFC61}"
EndProject
Project("{FAE04EC0-301F-11D3-BF4B-00C04F79EFBC}") = "ConsoleApp", "CellConquest.API\ConsoleApp\ConsoleApp.csproj", "{8C8A758A-4F77-47E2-A7FE-1C6553C5E8DB}"
EndProject
Project("{FAE04EC0-301F-11D3-BF4B-00C04F79EFBC}") = "CellConquest.Unittests", "CellConquest.Unittests\CellConquest.Unittests.csproj", "{4265E7DB-0ACE-4178-8A32-884572D72B3B}"
EndProject
Project("{FAE04EC0-301F-11D3-BF4B-00C04F79EFBC}") = "HelloFunctions", "CellConquest.API\HelloFunctions\HelloFunctions.csproj", "{6F35400C-8635-4F4E-96A5-A02F93B6DDE3}"
EndProject
Project("{2150E333-8FDC-42A3-9474-1A3956D46DE8}") = "CellConquest.API", "CellConquest.API", "{F7947641-54B0-4049-A229-6EA94F252501}"
EndProject
Project("{FAE04EC0-301F-11D3-BF4B-00C04F79EFBC}") = "CreateGameFunction", "CellConquest.API\CreateGameFunction\CreateGameFunction.csproj", "{08E1E942-B72F-4FB3-B3FD-901214C7F09A}"
EndProject
Project("{FAE04EC0-301F-11D3-BF4B-00C04F79EFBC}") = "CellConquest.API.Shared", "CellConquest.API\CellConquest.API.Shared\CellConquest.API.Shared.csproj", "{5501F0B4-2D48-4A4F-BEBB-4B9AEA1A8331}"
EndProject
Global
	GlobalSection(SolutionConfigurationPlatforms) = preSolution
		Debug|Any CPU = Debug|Any CPU
		Release|Any CPU = Release|Any CPU
	EndGlobalSection
	GlobalSection(ProjectConfigurationPlatforms) = postSolution
		{90B435DD-6A93-44C9-8A83-1105DF1DFC61}.Debug|Any CPU.ActiveCfg = Debug|Any CPU
		{90B435DD-6A93-44C9-8A83-1105DF1DFC61}.Debug|Any CPU.Build.0 = Debug|Any CPU
		{90B435DD-6A93-44C9-8A83-1105DF1DFC61}.Release|Any CPU.ActiveCfg = Release|Any CPU
		{90B435DD-6A93-44C9-8A83-1105DF1DFC61}.Release|Any CPU.Build.0 = Release|Any CPU
		{8C8A758A-4F77-47E2-A7FE-1C6553C5E8DB}.Debug|Any CPU.ActiveCfg = Debug|Any CPU
		{8C8A758A-4F77-47E2-A7FE-1C6553C5E8DB}.Debug|Any CPU.Build.0 = Debug|Any CPU
		{8C8A758A-4F77-47E2-A7FE-1C6553C5E8DB}.Release|Any CPU.ActiveCfg = Release|Any CPU
		{8C8A758A-4F77-47E2-A7FE-1C6553C5E8DB}.Release|Any CPU.Build.0 = Release|Any CPU
		{4265E7DB-0ACE-4178-8A32-884572D72B3B}.Debug|Any CPU.ActiveCfg = Debug|Any CPU
		{4265E7DB-0ACE-4178-8A32-884572D72B3B}.Debug|Any CPU.Build.0 = Debug|Any CPU
		{4265E7DB-0ACE-4178-8A32-884572D72B3B}.Release|Any CPU.ActiveCfg = Release|Any CPU
		{4265E7DB-0ACE-4178-8A32-884572D72B3B}.Release|Any CPU.Build.0 = Release|Any CPU
		{6F35400C-8635-4F4E-96A5-A02F93B6DDE3}.Debug|Any CPU.ActiveCfg = Debug|Any CPU
		{6F35400C-8635-4F4E-96A5-A02F93B6DDE3}.Debug|Any CPU.Build.0 = Debug|Any CPU
		{6F35400C-8635-4F4E-96A5-A02F93B6DDE3}.Release|Any CPU.ActiveCfg = Release|Any CPU
		{6F35400C-8635-4F4E-96A5-A02F93B6DDE3}.Release|Any CPU.Build.0 = Release|Any CPU
		{08E1E942-B72F-4FB3-B3FD-901214C7F09A}.Debug|Any CPU.ActiveCfg = Debug|Any CPU
		{08E1E942-B72F-4FB3-B3FD-901214C7F09A}.Debug|Any CPU.Build.0 = Debug|Any CPU
		{08E1E942-B72F-4FB3-B3FD-901214C7F09A}.Release|Any CPU.ActiveCfg = Release|Any CPU
		{08E1E942-B72F-4FB3-B3FD-901214C7F09A}.Release|Any CPU.Build.0 = Release|Any CPU
		{5501F0B4-2D48-4A4F-BEBB-4B9AEA1A8331}.Debug|Any CPU.ActiveCfg = Debug|Any CPU
		{5501F0B4-2D48-4A4F-BEBB-4B9AEA1A8331}.Debug|Any CPU.Build.0 = Debug|Any CPU
		{5501F0B4-2D48-4A4F-BEBB-4B9AEA1A8331}.Release|Any CPU.ActiveCfg = Release|Any CPU
		{5501F0B4-2D48-4A4F-BEBB-4B9AEA1A8331}.Release|Any CPU.Build.0 = Release|Any CPU
	EndGlobalSection
	GlobalSection(SolutionProperties) = preSolution
		HideSolutionNode = FALSE
	EndGlobalSection
	GlobalSection(ExtensibilityGlobals) = postSolution
		SolutionGuid = {B757ABFC-6838-4687-8004-27AB2445E006}
	EndGlobalSection
	GlobalSection(NestedProjects) = preSolution
		{8C8A758A-4F77-47E2-A7FE-1C6553C5E8DB} = {F7947641-54B0-4049-A229-6EA94F252501}
		{6F35400C-8635-4F4E-96A5-A02F93B6DDE3} = {F7947641-54B0-4049-A229-6EA94F252501}
		{08E1E942-B72F-4FB3-B3FD-901214C7F09A} = {F7947641-54B0-4049-A229-6EA94F252501}
		{5501F0B4-2D48-4A4F-BEBB-4B9AEA1A8331} = {F7947641-54B0-4049-A229-6EA94F252501}
	EndGlobalSection
EndGlobal
